// !$*UTF8*$!
{
	archiveVersion = 1;
	classes = {
	};
	objectVersion = 77;
	objects = {

/* Begin PBXContainerItemProxy section */
		103308AE2D6C0A92000B98D8 /* PBXContainerItemProxy */ = {
			isa = PBXContainerItemProxy;
			containerPortal = 103308952D6C0A91000B98D8 /* Project object */;
			proxyType = 1;
			remoteGlobalIDString = 1033089C2D6C0A91000B98D8;
			remoteInfo = Mymusic;
		};
		103308B82D6C0A93000B98D8 /* PBXContainerItemProxy */ = {
			isa = PBXContainerItemProxy;
			containerPortal = 103308952D6C0A91000B98D8 /* Project object */;
			proxyType = 1;
			remoteGlobalIDString = 1033089C2D6C0A91000B98D8;
			remoteInfo = Mymusic;
		};
/* End PBXContainerItemProxy section */

/* Begin PBXFileReference section */
		1033089D2D6C0A91000B98D8 /* Mymusic.app */ = {isa = PBXFileReference; explicitFileType = wrapper.application; includeInIndex = 0; path = Mymusic.app; sourceTree = BUILT_PRODUCTS_DIR; };
		103308AD2D6C0A92000B98D8 /* MymusicTests.xctest */ = {isa = PBXFileReference; explicitFileType = wrapper.cfbundle; includeInIndex = 0; path = MymusicTests.xctest; sourceTree = BUILT_PRODUCTS_DIR; };
		103308B72D6C0A92000B98D8 /* MymusicUITests.xctest */ = {isa = PBXFileReference; explicitFileType = wrapper.cfbundle; includeInIndex = 0; path = MymusicUITests.xctest; sourceTree = BUILT_PRODUCTS_DIR; };
/* End PBXFileReference section */

/* Begin PBXFileSystemSynchronizedRootGroup section */
		1033089F2D6C0A91000B98D8 /* Mymusic */ = {
			isa = PBXFileSystemSynchronizedRootGroup;
			path = Mymusic;
			sourceTree = "<group>";
		};
		103308B02D6C0A92000B98D8 /* MymusicTests */ = {
			isa = PBXFileSystemSynchronizedRootGroup;
			path = MymusicTests;
			sourceTree = "<group>";
		};
		103308BA2D6C0A93000B98D8 /* MymusicUITests */ = {
			isa = PBXFileSystemSynchronizedRootGroup;
			path = MymusicUITests;
			sourceTree = "<group>";
		};
/* End PBXFileSystemSynchronizedRootGroup section */

/* Begin PBXFrameworksBuildPhase section */
		1033089A2D6C0A91000B98D8 /* Frameworks */ = {
			isa = PBXFrameworksBuildPhase;
			buildActionMask = 2147483647;
			files = (
			);
			runOnlyForDeploymentPostprocessing = 0;
		};
		103308AA2D6C0A92000B98D8 /* Frameworks */ = {
			isa = PBXFrameworksBuildPhase;
			buildActionMask = 2147483647;
			files = (
			);
			runOnlyForDeploymentPostprocessing = 0;
		};
		103308B42D6C0A92000B98D8 /* Frameworks */ = {
			isa = PBXFrameworksBuildPhase;
			buildActionMask = 2147483647;
			files = (
			);
			runOnlyForDeploymentPostprocessing = 0;
		};
/* End PBXFrameworksBuildPhase section */

/* Begin PBXGroup section */
		103308942D6C0A91000B98D8 = {
			isa = PBXGroup;
			children = (
				1033089F2D6C0A91000B98D8 /* Mymusic */,
				103308B02D6C0A92000B98D8 /* MymusicTests */,
				103308BA2D6C0A93000B98D8 /* MymusicUITests */,
				1033089E2D6C0A91000B98D8 /* Products */,
			);
			sourceTree = "<group>";
		};
		1033089E2D6C0A91000B98D8 /* Products */ = {
			isa = PBXGroup;
			children = (
				1033089D2D6C0A91000B98D8 /* Mymusic.app */,
				103308AD2D6C0A92000B98D8 /* MymusicTests.xctest */,
				103308B72D6C0A92000B98D8 /* MymusicUITests.xctest */,
			);
			name = Products;
			sourceTree = "<group>";
		};
/* End PBXGroup section */

/* Begin PBXNativeTarget section */
		1033089C2D6C0A91000B98D8 /* Mymusic */ = {
			isa = PBXNativeTarget;
			buildConfigurationList = 103308C12D6C0A93000B98D8 /* Build configuration list for PBXNativeTarget "Mymusic" */;
			buildPhases = (
				103308992D6C0A91000B98D8 /* Sources */,
				1033089A2D6C0A91000B98D8 /* Frameworks */,
				1033089B2D6C0A91000B98D8 /* Resources */,
			);
			buildRules = (
			);
			dependencies = (
			);
			fileSystemSynchronizedGroups = (
				1033089F2D6C0A91000B98D8 /* Mymusic */,
			);
			name = Mymusic;
			packageProductDependencies = (
			);
			productName = Mymusic;
			productReference = 1033089D2D6C0A91000B98D8 /* Mymusic.app */;
			productType = "com.apple.product-type.application";
		};
		103308AC2D6C0A92000B98D8 /* MymusicTests */ = {
			isa = PBXNativeTarget;
			buildConfigurationList = 103308C42D6C0A93000B98D8 /* Build configuration list for PBXNativeTarget "MymusicTests" */;
			buildPhases = (
				103308A92D6C0A92000B98D8 /* Sources */,
				103308AA2D6C0A92000B98D8 /* Frameworks */,
				103308AB2D6C0A92000B98D8 /* Resources */,
			);
			buildRules = (
			);
			dependencies = (
				103308AF2D6C0A92000B98D8 /* PBXTargetDependency */,
			);
			fileSystemSynchronizedGroups = (
				103308B02D6C0A92000B98D8 /* MymusicTests */,
			);
			name = MymusicTests;
			packageProductDependencies = (
			);
			productName = MymusicTests;
			productReference = 103308AD2D6C0A92000B98D8 /* MymusicTests.xctest */;
			productType = "com.apple.product-type.bundle.unit-test";
		};
		103308B62D6C0A92000B98D8 /* MymusicUITests */ = {
			isa = PBXNativeTarget;
			buildConfigurationList = 103308C72D6C0A93000B98D8 /* Build configuration list for PBXNativeTarget "MymusicUITests" */;
			buildPhases = (
				103308B32D6C0A92000B98D8 /* Sources */,
				103308B42D6C0A92000B98D8 /* Frameworks */,
				103308B52D6C0A92000B98D8 /* Resources */,
			);
			buildRules = (
			);
			dependencies = (
				103308B92D6C0A93000B98D8 /* PBXTargetDependency */,
			);
			fileSystemSynchronizedGroups = (
				103308BA2D6C0A93000B98D8 /* MymusicUITests */,
			);
			name = MymusicUITests;
			packageProductDependencies = (
			);
			productName = MymusicUITests;
			productReference = 103308B72D6C0A92000B98D8 /* MymusicUITests.xctest */;
			productType = "com.apple.product-type.bundle.ui-testing";
		};
/* End PBXNativeTarget section */

/* Begin PBXProject section */
		103308952D6C0A91000B98D8 /* Project object */ = {
			isa = PBXProject;
			attributes = {
				BuildIndependentTargetsInParallel = 1;
				LastSwiftUpdateCheck = 1620;
				LastUpgradeCheck = 1620;
				TargetAttributes = {
					1033089C2D6C0A91000B98D8 = {
						CreatedOnToolsVersion = 16.2;
					};
					103308AC2D6C0A92000B98D8 = {
						CreatedOnToolsVersion = 16.2;
						TestTargetID = 1033089C2D6C0A91000B98D8;
					};
					103308B62D6C0A92000B98D8 = {
						CreatedOnToolsVersion = 16.2;
						TestTargetID = 1033089C2D6C0A91000B98D8;
					};
				};
			};
			buildConfigurationList = 103308982D6C0A91000B98D8 /* Build configuration list for PBXProject "Mymusic" */;
			developmentRegion = en;
			hasScannedForEncodings = 0;
			knownRegions = (
				en,
				Base,
			);
			mainGroup = 103308942D6C0A91000B98D8;
			minimizedProjectReferenceProxies = 1;
			preferredProjectObjectVersion = 77;
			productRefGroup = 1033089E2D6C0A91000B98D8 /* Products */;
			projectDirPath = "";
			projectRoot = "";
			targets = (
				1033089C2D6C0A91000B98D8 /* Mymusic */,
				103308AC2D6C0A92000B98D8 /* MymusicTests */,
				103308B62D6C0A92000B98D8 /* MymusicUITests */,
			);
		};
/* End PBXProject section */

/* Begin PBXResourcesBuildPhase section */
		1033089B2D6C0A91000B98D8 /* Resources */ = {
			isa = PBXResourcesBuildPhase;
			buildActionMask = 2147483647;
			files = (
			);
			runOnlyForDeploymentPostprocessing = 0;
		};
		103308AB2D6C0A92000B98D8 /* Resources */ = {
			isa = PBXResourcesBuildPhase;
			buildActionMask = 2147483647;
			files = (
			);
			runOnlyForDeploymentPostprocessing = 0;
		};
		103308B52D6C0A92000B98D8 /* Resources */ = {
			isa = PBXResourcesBuildPhase;
			buildActionMask = 2147483647;
			files = (
			);
			runOnlyForDeploymentPostprocessing = 0;
		};
/* End PBXResourcesBuildPhase section */

/* Begin PBXSourcesBuildPhase section */
		103308992D6C0A91000B98D8 /* Sources */ = {
			isa = PBXSourcesBuildPhase;
			buildActionMask = 2147483647;
			files = (
			);
			runOnlyForDeploymentPostprocessing = 0;
		};
		103308A92D6C0A92000B98D8 /* Sources */ = {
			isa = PBXSourcesBuildPhase;
			buildActionMask = 2147483647;
			files = (
			);
			runOnlyForDeploymentPostprocessing = 0;
		};
		103308B32D6C0A92000B98D8 /* Sources */ = {
			isa = PBXSourcesBuildPhase;
			buildActionMask = 2147483647;
			files = (
			);
			runOnlyForDeploymentPostprocessing = 0;
		};
/* End PBXSourcesBuildPhase section */

/* Begin PBXTargetDependency section */
		103308AF2D6C0A92000B98D8 /* PBXTargetDependency */ = {
			isa = PBXTargetDependency;
			target = 1033089C2D6C0A91000B98D8 /* Mymusic */;
			targetProxy = 103308AE2D6C0A92000B98D8 /* PBXContainerItemProxy */;
		};
		103308B92D6C0A93000B98D8 /* PBXTargetDependency */ = {
			isa = PBXTargetDependency;
			target = 1033089C2D6C0A91000B98D8 /* Mymusic */;
			targetProxy = 103308B82D6C0A93000B98D8 /* PBXContainerItemProxy */;
		};
/* End PBXTargetDependency section */

/* Begin XCBuildConfiguration section */
		103308BF2D6C0A93000B98D8 /* Debug */ = {
			isa = XCBuildConfiguration;
			buildSettings = {
				ALWAYS_SEARCH_USER_PATHS = NO;
				ASSETCATALOG_COMPILER_GENERATE_SWIFT_ASSET_SYMBOL_EXTENSIONS = YES;
				CLANG_ANALYZER_NONNULL = YES;
				CLANG_ANALYZER_NUMBER_OBJECT_CONVERSION = YES_AGGRESSIVE;
				CLANG_CXX_LANGUAGE_STANDARD = "gnu++20";
				CLANG_ENABLE_MODULES = YES;
				CLANG_ENABLE_OBJC_ARC = YES;
				CLANG_ENABLE_OBJC_WEAK = YES;
				CLANG_WARN_BLOCK_CAPTURE_AUTORELEASING = YES;
				CLANG_WARN_BOOL_CONVERSION = YES;
				CLANG_WARN_COMMA = YES;
				CLANG_WARN_CONSTANT_CONVERSION = YES;
				CLANG_WARN_DEPRECATED_OBJC_IMPLEMENTATIONS = YES;
				CLANG_WARN_DIRECT_OBJC_ISA_USAGE = YES_ERROR;
				CLANG_WARN_DOCUMENTATION_COMMENTS = YES;
				CLANG_WARN_EMPTY_BODY = YES;
				CLANG_WARN_ENUM_CONVERSION = YES;
				CLANG_WARN_INFINITE_RECURSION = YES;
				CLANG_WARN_INT_CONVERSION = YES;
				CLANG_WARN_NON_LITERAL_NULL_CONVERSION = YES;
				CLANG_WARN_OBJC_IMPLICIT_RETAIN_SELF = YES;
				CLANG_WARN_OBJC_LITERAL_CONVERSION = YES;
				CLANG_WARN_OBJC_ROOT_CLASS = YES_ERROR;
				CLANG_WARN_QUOTED_INCLUDE_IN_FRAMEWORK_HEADER = YES;
				CLANG_WARN_RANGE_LOOP_ANALYSIS = YES;
				CLANG_WARN_STRICT_PROTOTYPES = YES;
				CLANG_WARN_SUSPICIOUS_MOVE = YES;
				CLANG_WARN_UNGUARDED_AVAILABILITY = YES_AGGRESSIVE;
				CLANG_WARN_UNREACHABLE_CODE = YES;
				CLANG_WARN__DUPLICATE_METHOD_MATCH = YES;
				COPY_PHASE_STRIP = NO;
				DEBUG_INFORMATION_FORMAT = dwarf;
				ENABLE_STRICT_OBJC_MSGSEND = YES;
				ENABLE_TESTABILITY = YES;
				ENABLE_USER_SCRIPT_SANDBOXING = YES;
				GCC_C_LANGUAGE_STANDARD = gnu17;
				GCC_DYNAMIC_NO_PIC = NO;
				GCC_NO_COMMON_BLOCKS = YES;
				GCC_OPTIMIZATION_LEVEL = 0;
				GCC_PREPROCESSOR_DEFINITIONS = (
					"DEBUG=1",
					"$(inherited)",
				);
				GCC_WARN_64_TO_32_BIT_CONVERSION = YES;
				GCC_WARN_ABOUT_RETURN_TYPE = YES_ERROR;
				GCC_WARN_UNDECLARED_SELECTOR = YES;
				GCC_WARN_UNINITIALIZED_AUTOS = YES_AGGRESSIVE;
				GCC_WARN_UNUSED_FUNCTION = YES;
				GCC_WARN_UNUSED_VARIABLE = YES;
				IPHONEOS_DEPLOYMENT_TARGET = 18.2;
				LOCALIZATION_PREFERS_STRING_CATALOGS = YES;
				MTL_ENABLE_DEBUG_INFO = INCLUDE_SOURCE;
				MTL_FAST_MATH = YES;
				ONLY_ACTIVE_ARCH = YES;
				SDKROOT = iphoneos;
				SWIFT_ACTIVE_COMPILATION_CONDITIONS = "DEBUG $(inherited)";
				SWIFT_OPTIMIZATION_LEVEL = "-Onone";
			};
			name = Debug;
		};
		103308C02D6C0A93000B98D8 /* Release */ = {
			isa = XCBuildConfiguration;
			buildSettings = {
				ALWAYS_SEARCH_USER_PATHS = NO;
				ASSETCATALOG_COMPILER_GENERATE_SWIFT_ASSET_SYMBOL_EXTENSIONS = YES;
				CLANG_ANALYZER_NONNULL = YES;
				CLANG_ANALYZER_NUMBER_OBJECT_CONVERSION = YES_AGGRESSIVE;
				CLANG_CXX_LANGUAGE_STANDARD = "gnu++20";
				CLANG_ENABLE_MODULES = YES;
				CLANG_ENABLE_OBJC_ARC = YES;
				CLANG_ENABLE_OBJC_WEAK = YES;
				CLANG_WARN_BLOCK_CAPTURE_AUTORELEASING = YES;
				CLANG_WARN_BOOL_CONVERSION = YES;
				CLANG_WARN_COMMA = YES;
				CLANG_WARN_CONSTANT_CONVERSION = YES;
				CLANG_WARN_DEPRECATED_OBJC_IMPLEMENTATIONS = YES;
				CLANG_WARN_DIRECT_OBJC_ISA_USAGE = YES_ERROR;
				CLANG_WARN_DOCUMENTATION_COMMENTS = YES;
				CLANG_WARN_EMPTY_BODY = YES;
				CLANG_WARN_ENUM_CONVERSION = YES;
				CLANG_WARN_INFINITE_RECURSION = YES;
				CLANG_WARN_INT_CONVERSION = YES;
				CLANG_WARN_NON_LITERAL_NULL_CONVERSION = YES;
				CLANG_WARN_OBJC_IMPLICIT_RETAIN_SELF = YES;
				CLANG_WARN_OBJC_LITERAL_CONVERSION = YES;
				CLANG_WARN_OBJC_ROOT_CLASS = YES_ERROR;
				CLANG_WARN_QUOTED_INCLUDE_IN_FRAMEWORK_HEADER = YES;
				CLANG_WARN_RANGE_LOOP_ANALYSIS = YES;
				CLANG_WARN_STRICT_PROTOTYPES = YES;
				CLANG_WARN_SUSPICIOUS_MOVE = YES;
				CLANG_WARN_UNGUARDED_AVAILABILITY = YES_AGGRESSIVE;
				CLANG_WARN_UNREACHABLE_CODE = YES;
				CLANG_WARN__DUPLICATE_METHOD_MATCH = YES;
				COPY_PHASE_STRIP = NO;
				DEBUG_INFORMATION_FORMAT = "dwarf-with-dsym";
				ENABLE_NS_ASSERTIONS = NO;
				ENABLE_STRICT_OBJC_MSGSEND = YES;
				ENABLE_USER_SCRIPT_SANDBOXING = YES;
				GCC_C_LANGUAGE_STANDARD = gnu17;
				GCC_NO_COMMON_BLOCKS = YES;
				GCC_WARN_64_TO_32_BIT_CONVERSION = YES;
				GCC_WARN_ABOUT_RETURN_TYPE = YES_ERROR;
				GCC_WARN_UNDECLARED_SELECTOR = YES;
				GCC_WARN_UNINITIALIZED_AUTOS = YES_AGGRESSIVE;
				GCC_WARN_UNUSED_FUNCTION = YES;
				GCC_WARN_UNUSED_VARIABLE = YES;
				IPHONEOS_DEPLOYMENT_TARGET = 18.2;
				LOCALIZATION_PREFERS_STRING_CATALOGS = YES;
				MTL_ENABLE_DEBUG_INFO = NO;
				MTL_FAST_MATH = YES;
				SDKROOT = iphoneos;
				SWIFT_COMPILATION_MODE = wholemodule;
				VALIDATE_PRODUCT = YES;
			};
			name = Release;
		};
		103308C22D6C0A93000B98D8 /* Debug */ = {
			isa = XCBuildConfiguration;
			buildSettings = {
				ASSETCATALOG_COMPILER_APPICON_NAME = AppIcon;
				ASSETCATALOG_COMPILER_GLOBAL_ACCENT_COLOR_NAME = AccentColor;
				CODE_SIGN_STYLE = Automatic;
				CURRENT_PROJECT_VERSION = 1;
				DEVELOPMENT_ASSET_PATHS = "\"Mymusic/Preview Content\"";
				DEVELOPMENT_TEAM = F6K48NCQB5;
				ENABLE_PREVIEWS = YES;
				GENERATE_INFOPLIST_FILE = YES;
				INFOPLIST_KEY_UIApplicationSceneManifest_Generation = YES;
				INFOPLIST_KEY_UIApplicationSupportsIndirectInputEvents = YES;
				INFOPLIST_KEY_UILaunchScreen_Generation = YES;
				INFOPLIST_KEY_UISupportedInterfaceOrientations_iPad = "UIInterfaceOrientationPortrait UIInterfaceOrientationPortraitUpsideDown UIInterfaceOrientationLandscapeLeft UIInterfaceOrientationLandscapeRight";
				INFOPLIST_KEY_UISupportedInterfaceOrientations_iPhone = "UIInterfaceOrientationPortrait UIInterfaceOrientationLandscapeLeft UIInterfaceOrientationLandscapeRight";
				LD_RUNPATH_SEARCH_PATHS = (
					"$(inherited)",
					"@executable_path/Frameworks",
				);
				MARKETING_VERSION = 1.0;
				PRODUCT_BUNDLE_IDENTIFIER = dereck.Mymusic;
				PRODUCT_NAME = "$(TARGET_NAME)";
				SWIFT_EMIT_LOC_STRINGS = YES;
				SWIFT_VERSION = 5.0;
				TARGETED_DEVICE_FAMILY = "1,2";
			};
			name = Debug;
		};
		103308C32D6C0A93000B98D8 /* Release */ = {
			isa = XCBuildConfiguration;
			buildSettings = {
				ASSETCATALOG_COMPILER_APPICON_NAME = AppIcon;
				ASSETCATALOG_COMPILER_GLOBAL_ACCENT_COLOR_NAME = AccentColor;
				CODE_SIGN_STYLE = Automatic;
				CURRENT_PROJECT_VERSION = 1;
				DEVELOPMENT_ASSET_PATHS = "\"Mymusic/Preview Content\"";
				DEVELOPMENT_TEAM = F6K48NCQB5;
				ENABLE_PREVIEWS = YES;
				GENERATE_INFOPLIST_FILE = YES;
				INFOPLIST_KEY_UIApplicationSceneManifest_Generation = YES;
				INFOPLIST_KEY_UIApplicationSupportsIndirectInputEvents = YES;
				INFOPLIST_KEY_UILaunchScreen_Generation = YES;
				INFOPLIST_KEY_UISupportedInterfaceOrientations_iPad = "UIInterfaceOrientationPortrait UIInterfaceOrientationPortraitUpsideDown UIInterfaceOrientationLandscapeLeft UIInterfaceOrientationLandscapeRight";
				INFOPLIST_KEY_UISupportedInterfaceOrientations_iPhone = "UIInterfaceOrientationPortrait UIInterfaceOrientationLandscapeLeft UIInterfaceOrientationLandscapeRight";
				LD_RUNPATH_SEARCH_PATHS = (
					"$(inherited)",
					"@executable_path/Frameworks",
				);
				MARKETING_VERSION = 1.0;
				PRODUCT_BUNDLE_IDENTIFIER = dereck.Mymusic;
				PRODUCT_NAME = "$(TARGET_NAME)";
				SWIFT_EMIT_LOC_STRINGS = YES;
				SWIFT_VERSION = 5.0;
				TARGETED_DEVICE_FAMILY = "1,2";
			};
			name = Release;
		};
		103308C52D6C0A93000B98D8 /* Debug */ = {
			isa = XCBuildConfiguration;
			buildSettings = {
				BUNDLE_LOADER = "$(TEST_HOST)";
				CODE_SIGN_STYLE = Automatic;
				CURRENT_PROJECT_VERSION = 1;
				DEVELOPMENT_TEAM = F6K48NCQB5;
				GENERATE_INFOPLIST_FILE = YES;
				IPHONEOS_DEPLOYMENT_TARGET = 18.2;
				MARKETING_VERSION = 1.0;
				PRODUCT_BUNDLE_IDENTIFIER = dereck.MymusicTests;
				PRODUCT_NAME = "$(TARGET_NAME)";
				SWIFT_EMIT_LOC_STRINGS = NO;
				SWIFT_VERSION = 5.0;
				TARGETED_DEVICE_FAMILY = "1,2";
				TEST_HOST = "$(BUILT_PRODUCTS_DIR)/Mymusic.app/$(BUNDLE_EXECUTABLE_FOLDER_PATH)/Mymusic";
			};
			name = Debug;
		};
		103308C62D6C0A93000B98D8 /* Release */ = {
			isa = XCBuildConfiguration;
			buildSettings = {
				BUNDLE_LOADER = "$(TEST_HOST)";
				CODE_SIGN_STYLE = Automatic;
				CURRENT_PROJECT_VERSION = 1;
				DEVELOPMENT_TEAM = F6K48NCQB5;
				GENERATE_INFOPLIST_FILE = YES;
				IPHONEOS_DEPLOYMENT_TARGET = 18.2;
				MARKETING_VERSION = 1.0;
				PRODUCT_BUNDLE_IDENTIFIER = dereck.MymusicTests;
				PRODUCT_NAME = "$(TARGET_NAME)";
				SWIFT_EMIT_LOC_STRINGS = NO;
				SWIFT_VERSION = 5.0;
				TARGETED_DEVICE_FAMILY = "1,2";
				TEST_HOST = "$(BUILT_PRODUCTS_DIR)/Mymusic.app/$(BUNDLE_EXECUTABLE_FOLDER_PATH)/Mymusic";
			};
			name = Release;
		};
		103308C82D6C0A93000B98D8 /* Debug */ = {
			isa = XCBuildConfiguration;
			buildSettings = {
				CODE_SIGN_STYLE = Automatic;
				CURRENT_PROJECT_VERSION = 1;
				DEVELOPMENT_TEAM = F6K48NCQB5;
				GENERATE_INFOPLIST_FILE = YES;
				MARKETING_VERSION = 1.0;
				PRODUCT_BUNDLE_IDENTIFIER = dereck.MymusicUITests;
				PRODUCT_NAME = "$(TARGET_NAME)";
				SWIFT_EMIT_LOC_STRINGS = NO;
				SWIFT_VERSION = 5.0;
				TARGETED_DEVICE_FAMILY = "1,2";
				TEST_TARGET_NAME = Mymusic;
			};
			name = Debug;
		};
		103308C92D6C0A93000B98D8 /* Release */ = {
			isa = XCBuildConfiguration;
			buildSettings = {
				CODE_SIGN_STYLE = Automatic;
				CURRENT_PROJECT_VERSION = 1;
				DEVELOPMENT_TEAM = F6K48NCQB5;
				GENERATE_INFOPLIST_FILE = YES;
				MARKETING_VERSION = 1.0;
				PRODUCT_BUNDLE_IDENTIFIER = dereck.MymusicUITests;
				PRODUCT_NAME = "$(TARGET_NAME)";
				SWIFT_EMIT_LOC_STRINGS = NO;
				SWIFT_VERSION = 5.0;
				TARGETED_DEVICE_FAMILY = "1,2";
				TEST_TARGET_NAME = Mymusic;
			};
			name = Release;
		};
/* End XCBuildConfiguration section */

/* Begin XCConfigurationList section */
		103308982D6C0A91000B98D8 /* Build configuration list for PBXProject "Mymusic" */ = {
			isa = XCConfigurationList;
			buildConfigurations = (
				103308BF2D6C0A93000B98D8 /* Debug */,
				103308C02D6C0A93000B98D8 /* Release */,
			);
			defaultConfigurationIsVisible = 0;
			defaultConfigurationName = Release;
		};
		103308C12D6C0A93000B98D8 /* Build configuration list for PBXNativeTarget "Mymusic" */ = {
			isa = XCConfigurationList;
			buildConfigurations = (
				103308C22D6C0A93000B98D8 /* Debug */,
				103308C32D6C0A93000B98D8 /* Release */,
			);
			defaultConfigurationIsVisible = 0;
			defaultConfigurationName = Release;
		};
		103308C42D6C0A93000B98D8 /* Build configuration list for PBXNativeTarget "MymusicTests" */ = {
			isa = XCConfigurationList;
			buildConfigurations = (
				103308C52D6C0A93000B98D8 /* Debug */,
				103308C62D6C0A93000B98D8 /* Release */,
			);
			defaultConfigurationIsVisible = 0;
			defaultConfigurationName = Release;
		};
		103308C72D6C0A93000B98D8 /* Build configuration list for PBXNativeTarget "MymusicUITests" */ = {
			isa = XCConfigurationList;
			buildConfigurations = (
				103308C82D6C0A93000B98D8 /* Debug */,
				103308C92D6C0A93000B98D8 /* Release */,
			);
			defaultConfigurationIsVisible = 0;
			defaultConfigurationName = Release;
		};
/* End XCConfigurationList section */
	};
	rootObject = 103308952D6C0A91000B98D8 /* Project object */;
}
